// !$*UTF8*$!
{
	archiveVersion = 1;
	classes = {
	};
	objectVersion = 46;
	objects = {

/* Begin PBXBuildFile section */
		19294C921F43411E004171E8 /* AppDelegate.swift in Sources */ = {isa = PBXBuildFile; fileRef = 19294C911F43411E004171E8 /* AppDelegate.swift */; };
		19294C941F43411E004171E8 /* ViewController.swift in Sources */ = {isa = PBXBuildFile; fileRef = 19294C931F43411E004171E8 /* ViewController.swift */; };
		19294C971F43411E004171E8 /* Main.storyboard in Resources */ = {isa = PBXBuildFile; fileRef = 19294C951F43411E004171E8 /* Main.storyboard */; };
		19294C991F43411E004171E8 /* Assets.xcassets in Resources */ = {isa = PBXBuildFile; fileRef = 19294C981F43411E004171E8 /* Assets.xcassets */; };
		19294C9C1F43411E004171E8 /* LaunchScreen.storyboard in Resources */ = {isa = PBXBuildFile; fileRef = 19294C9A1F43411E004171E8 /* LaunchScreen.storyboard */; };
		192B0C371F4349300004CE58 /* LoadAnimCell.swift in Sources */ = {isa = PBXBuildFile; fileRef = 192B0C361F4349300004CE58 /* LoadAnimCell.swift */; };
		19E433B01F43430700F7EF31 /* Loading...json in Resources */ = {isa = PBXBuildFile; fileRef = 19E433AA1F43430700F7EF31 /* Loading...json */; };
		19E433B11F43430700F7EF31 /* Loading.json in Resources */ = {isa = PBXBuildFile; fileRef = 19E433AB1F43430700F7EF31 /* Loading.json */; };
		19E433B21F43430700F7EF31 /* Material Loader.json in Resources */ = {isa = PBXBuildFile; fileRef = 19E433AC1F43430700F7EF31 /* Material Loader.json */; };
		19E433B31F43430700F7EF31 /* Preloader.json in Resources */ = {isa = PBXBuildFile; fileRef = 19E433AD1F43430700F7EF31 /* Preloader.json */; };
		19E433B41F43430700F7EF31 /* Progress Bar.json in Resources */ = {isa = PBXBuildFile; fileRef = 19E433AE1F43430700F7EF31 /* Progress Bar.json */; };
		19E433B51F43430700F7EF31 /* Trail Loading.json in Resources */ = {isa = PBXBuildFile; fileRef = 19E433AF1F43430700F7EF31 /* Trail Loading.json */; };
		2A892B2681698D4BA954CFEC /* Pods_LoadingAnimation.framework in Frameworks */ = {isa = PBXBuildFile; fileRef = 7D786905F9A1971C7194376F /* Pods_LoadingAnimation.framework */; };
/* End PBXBuildFile section */

/* Begin PBXFileReference section */
		19294C8E1F43411E004171E8 /* LoadingAnimation.app */ = {isa = PBXFileReference; explicitFileType = wrapper.application; includeInIndex = 0; path = LoadingAnimation.app; sourceTree = BUILT_PRODUCTS_DIR; };
		19294C911F43411E004171E8 /* AppDelegate.swift */ = {isa = PBXFileReference; lastKnownFileType = sourcecode.swift; path = AppDelegate.swift; sourceTree = "<group>"; };
		19294C931F43411E004171E8 /* ViewController.swift */ = {isa = PBXFileReference; lastKnownFileType = sourcecode.swift; path = ViewController.swift; sourceTree = "<group>"; };
		19294C961F43411E004171E8 /* Base */ = {isa = PBXFileReference; lastKnownFileType = file.storyboard; name = Base; path = Base.lproj/Main.storyboard; sourceTree = "<group>"; };
		19294C981F43411E004171E8 /* Assets.xcassets */ = {isa = PBXFileReference; lastKnownFileType = folder.assetcatalog; path = Assets.xcassets; sourceTree = "<group>"; };
		19294C9B1F43411E004171E8 /* Base */ = {isa = PBXFileReference; lastKnownFileType = file.storyboard; name = Base; path = Base.lproj/LaunchScreen.storyboard; sourceTree = "<group>"; };
		19294C9D1F43411E004171E8 /* Info.plist */ = {isa = PBXFileReference; lastKnownFileType = text.plist.xml; path = Info.plist; sourceTree = "<group>"; };
		192B0C361F4349300004CE58 /* LoadAnimCell.swift */ = {isa = PBXFileReference; fileEncoding = 4; lastKnownFileType = sourcecode.swift; path = LoadAnimCell.swift; sourceTree = "<group>"; };
		19E433AA1F43430700F7EF31 /* Loading...json */ = {isa = PBXFileReference; fileEncoding = 4; lastKnownFileType = text.json; path = Loading...json; sourceTree = "<group>"; };
		19E433AB1F43430700F7EF31 /* Loading.json */ = {isa = PBXFileReference; fileEncoding = 4; lastKnownFileType = text.json; path = Loading.json; sourceTree = "<group>"; };
		19E433AC1F43430700F7EF31 /* Material Loader.json */ = {isa = PBXFileReference; fileEncoding = 4; lastKnownFileType = text.json; path = "Material Loader.json"; sourceTree = "<group>"; };
		19E433AD1F43430700F7EF31 /* Preloader.json */ = {isa = PBXFileReference; fileEncoding = 4; lastKnownFileType = text.json; path = Preloader.json; sourceTree = "<group>"; };
		19E433AE1F43430700F7EF31 /* Progress Bar.json */ = {isa = PBXFileReference; fileEncoding = 4; lastKnownFileType = text.json; path = "Progress Bar.json"; sourceTree = "<group>"; };
		19E433AF1F43430700F7EF31 /* Trail Loading.json */ = {isa = PBXFileReference; fileEncoding = 4; lastKnownFileType = text.json; path = "Trail Loading.json"; sourceTree = "<group>"; };
		7D786905F9A1971C7194376F /* Pods_LoadingAnimation.framework */ = {isa = PBXFileReference; explicitFileType = wrapper.framework; includeInIndex = 0; path = Pods_LoadingAnimation.framework; sourceTree = BUILT_PRODUCTS_DIR; };
		7DAA17B24BD926B7C0C05BCD /* Pods-LoadingAnimation.debug.xcconfig */ = {isa = PBXFileReference; includeInIndex = 1; lastKnownFileType = text.xcconfig; name = "Pods-LoadingAnimation.debug.xcconfig"; path = "Pods/Target Support Files/Pods-LoadingAnimation/Pods-LoadingAnimation.debug.xcconfig"; sourceTree = "<group>"; };
		D8888E1ECD4912C533B88B45 /* Pods-LoadingAnimation.release.xcconfig */ = {isa = PBXFileReference; includeInIndex = 1; lastKnownFileType = text.xcconfig; name = "Pods-LoadingAnimation.release.xcconfig"; path = "Pods/Target Support Files/Pods-LoadingAnimation/Pods-LoadingAnimation.release.xcconfig"; sourceTree = "<group>"; };
/* End PBXFileReference section */

/* Begin PBXFrameworksBuildPhase section */
		19294C8B1F43411E004171E8 /* Frameworks */ = {
			isa = PBXFrameworksBuildPhase;
			buildActionMask = 2147483647;
			files = (
				2A892B2681698D4BA954CFEC /* Pods_LoadingAnimation.framework in Frameworks */,
			);
			runOnlyForDeploymentPostprocessing = 0;
		};
/* End PBXFrameworksBuildPhase section */

/* Begin PBXGroup section */
		19294C851F43411E004171E8 = {
			isa = PBXGroup;
			children = (
				19294C901F43411E004171E8 /* LoadingAnimation */,
				19294C8F1F43411E004171E8 /* Products */,
				D41BB428C5D746504D24A536 /* Pods */,
				FD894784E87A2EFFF7B03AB6 /* Frameworks */,
			);
			sourceTree = "<group>";
		};
		19294C8F1F43411E004171E8 /* Products */ = {
			isa = PBXGroup;
			children = (
				19294C8E1F43411E004171E8 /* LoadingAnimation.app */,
			);
			name = Products;
			sourceTree = "<group>";
		};
		19294C901F43411E004171E8 /* LoadingAnimation */ = {
			isa = PBXGroup;
			children = (
				192B0C351F4348C90004CE58 /* Model */,
				192B0C341F4348C40004CE58 /* View */,
				192B0C331F4348BD0004CE58 /* Controller */,
				19E433A91F4342D900F7EF31 /* Resources */,
				19294C911F43411E004171E8 /* AppDelegate.swift */,
				19294C951F43411E004171E8 /* Main.storyboard */,
				19294C981F43411E004171E8 /* Assets.xcassets */,
				19294C9A1F43411E004171E8 /* LaunchScreen.storyboard */,
				19294C9D1F43411E004171E8 /* Info.plist */,
			);
			path = LoadingAnimation;
			sourceTree = "<group>";
		};
		192B0C331F4348BD0004CE58 /* Controller */ = {
			isa = PBXGroup;
			children = (
				19294C931F43411E004171E8 /* ViewController.swift */,
			);
			name = Controller;
			sourceTree = "<group>";
		};
		192B0C341F4348C40004CE58 /* View */ = {
			isa = PBXGroup;
			children = (
				192B0C361F4349300004CE58 /* LoadAnimCell.swift */,
			);
			name = View;
			sourceTree = "<group>";
		};
		192B0C351F4348C90004CE58 /* Model */ = {
			isa = PBXGroup;
			children = (
			);
			name = Model;
			sourceTree = "<group>";
		};
		19E433A91F4342D900F7EF31 /* Resources */ = {
			isa = PBXGroup;
			children = (
				19E433AA1F43430700F7EF31 /* Loading...json */,
				19E433AB1F43430700F7EF31 /* Loading.json */,
				19E433AC1F43430700F7EF31 /* Material Loader.json */,
				19E433AD1F43430700F7EF31 /* Preloader.json */,
				19E433AE1F43430700F7EF31 /* Progress Bar.json */,
				19E433AF1F43430700F7EF31 /* Trail Loading.json */,
			);
			name = Resources;
			sourceTree = "<group>";
		};
		D41BB428C5D746504D24A536 /* Pods */ = {
			isa = PBXGroup;
			children = (
				7DAA17B24BD926B7C0C05BCD /* Pods-LoadingAnimation.debug.xcconfig */,
				D8888E1ECD4912C533B88B45 /* Pods-LoadingAnimation.release.xcconfig */,
			);
			name = Pods;
			sourceTree = "<group>";
		};
		FD894784E87A2EFFF7B03AB6 /* Frameworks */ = {
			isa = PBXGroup;
			children = (
				7D786905F9A1971C7194376F /* Pods_LoadingAnimation.framework */,
			);
			name = Frameworks;
			sourceTree = "<group>";
		};
/* End PBXGroup section */

/* Begin PBXNativeTarget section */
		19294C8D1F43411E004171E8 /* LoadingAnimation */ = {
			isa = PBXNativeTarget;
			buildConfigurationList = 19294CA01F43411E004171E8 /* Build configuration list for PBXNativeTarget "LoadingAnimation" */;
			buildPhases = (
				85A2E537868AF0E85626CFAB /* [CP] Check Pods Manifest.lock */,
				19294C8A1F43411E004171E8 /* Sources */,
				19294C8B1F43411E004171E8 /* Frameworks */,
				19294C8C1F43411E004171E8 /* Resources */,
				4F80BF4B2B071D895338D19E /* [CP] Embed Pods Frameworks */,
				691C61525A1A8575800083EE /* [CP] Copy Pods Resources */,
			);
			buildRules = (
			);
			dependencies = (
			);
			name = LoadingAnimation;
			productName = LoadingAnimation;
			productReference = 19294C8E1F43411E004171E8 /* LoadingAnimation.app */;
			productType = "com.apple.product-type.application";
		};
/* End PBXNativeTarget section */

/* Begin PBXProject section */
		19294C861F43411E004171E8 /* Project object */ = {
			isa = PBXProject;
			attributes = {
				LastSwiftUpdateCheck = 0830;
				LastUpgradeCheck = 0830;
				ORGANIZATIONNAME = rao;
				TargetAttributes = {
					19294C8D1F43411E004171E8 = {
						CreatedOnToolsVersion = 8.3.3;
						DevelopmentTeam = Y64W93464V;
						ProvisioningStyle = Automatic;
					};
				};
			};
			buildConfigurationList = 19294C891F43411E004171E8 /* Build configuration list for PBXProject "LoadingAnimation" */;
			compatibilityVersion = "Xcode 3.2";
			developmentRegion = English;
			hasScannedForEncodings = 0;
			knownRegions = (
				en,
				Base,
			);
			mainGroup = 19294C851F43411E004171E8;
			productRefGroup = 19294C8F1F43411E004171E8 /* Products */;
			projectDirPath = "";
			projectRoot = "";
			targets = (
				19294C8D1F43411E004171E8 /* LoadingAnimation */,
			);
		};
/* End PBXProject section */

/* Begin PBXResourcesBuildPhase section */
		19294C8C1F43411E004171E8 /* Resources */ = {
			isa = PBXResourcesBuildPhase;
			buildActionMask = 2147483647;
			files = (
				19E433B01F43430700F7EF31 /* Loading...json in Resources */,
				19294C9C1F43411E004171E8 /* LaunchScreen.storyboard in Resources */,
				19E433B41F43430700F7EF31 /* Progress Bar.json in Resources */,
				19294C991F43411E004171E8 /* Assets.xcassets in Resources */,
				19294C971F43411E004171E8 /* Main.storyboard in Resources */,
				19E433B11F43430700F7EF31 /* Loading.json in Resources */,
				19E433B31F43430700F7EF31 /* Preloader.json in Resources */,
				19E433B21F43430700F7EF31 /* Material Loader.json in Resources */,
				19E433B51F43430700F7EF31 /* Trail Loading.json in Resources */,
			);
			runOnlyForDeploymentPostprocessing = 0;
		};
/* End PBXResourcesBuildPhase section */

/* Begin PBXShellScriptBuildPhase section */
		4F80BF4B2B071D895338D19E /* [CP] Embed Pods Frameworks */ = {
			isa = PBXShellScriptBuildPhase;
			buildActionMask = 2147483647;
			files = (
			);
			inputPaths = (
			);
			name = "[CP] Embed Pods Frameworks";
			outputPaths = (
			);
			runOnlyForDeploymentPostprocessing = 0;
			shellPath = /bin/sh;
			shellScript = "\"${SRCROOT}/Pods/Target Support Files/Pods-LoadingAnimation/Pods-LoadingAnimation-frameworks.sh\"\n";
			showEnvVarsInLog = 0;
		};
		691C61525A1A8575800083EE /* [CP] Copy Pods Resources */ = {
			isa = PBXShellScriptBuildPhase;
			buildActionMask = 2147483647;
			files = (
			);
			inputPaths = (
			);
			name = "[CP] Copy Pods Resources";
			outputPaths = (
			);
			runOnlyForDeploymentPostprocessing = 0;
			shellPath = /bin/sh;
			shellScript = "\"${SRCROOT}/Pods/Target Support Files/Pods-LoadingAnimation/Pods-LoadingAnimation-resources.sh\"\n";
			showEnvVarsInLog = 0;
		};
		85A2E537868AF0E85626CFAB /* [CP] Check Pods Manifest.lock */ = {
			isa = PBXShellScriptBuildPhase;
			buildActionMask = 2147483647;
			files = (
			);
			inputPaths = (
			);
			name = "[CP] Check Pods Manifest.lock";
			outputPaths = (
			);
			runOnlyForDeploymentPostprocessing = 0;
			shellPath = /bin/sh;
			shellScript = "diff \"${PODS_PODFILE_DIR_PATH}/Podfile.lock\" \"${PODS_ROOT}/Manifest.lock\" > /dev/null\nif [ $? != 0 ] ; then\n    # print error to STDERR\n    echo \"error: The sandbox is not in sync with the Podfile.lock. Run 'pod install' or update your CocoaPods installation.\" >&2\n    exit 1\nfi\n";
			showEnvVarsInLog = 0;
		};
/* End PBXShellScriptBuildPhase section */

/* Begin PBXSourcesBuildPhase section */
		19294C8A1F43411E004171E8 /* Sources */ = {
			isa = PBXSourcesBuildPhase;
			buildActionMask = 2147483647;
			files = (
				19294C941F43411E004171E8 /* ViewController.swift in Sources */,
				19294C921F43411E004171E8 /* AppDelegate.swift in Sources */,
				192B0C371F4349300004CE58 /* LoadAnimCell.swift in Sources */,
			);
			runOnlyForDeploymentPostprocessing = 0;
		};
/* End PBXSourcesBuildPhase section */

/* Begin PBXVariantGroup section */
		19294C951F43411E004171E8 /* Main.storyboard */ = {
			isa = PBXVariantGroup;
			children = (
				19294C961F43411E004171E8 /* Base */,
			);
			name = Main.storyboard;
			sourceTree = "<group>";
		};
		19294C9A1F43411E004171E8 /* LaunchScreen.storyboard */ = {
			isa = PBXVariantGroup;
			children = (
				19294C9B1F43411E004171E8 /* Base */,
			);
			name = LaunchScreen.storyboard;
			sourceTree = "<group>";
		};
/* End PBXVariantGroup section */

/* Begin XCBuildConfiguration section */
		19294C9E1F43411E004171E8 /* Debug */ = {
			isa = XCBuildConfiguration;
			buildSettings = {
				ALWAYS_SEARCH_USER_PATHS = NO;
				CLANG_ANALYZER_NONNULL = YES;
				CLANG_ANALYZER_NUMBER_OBJECT_CONVERSION = YES_AGGRESSIVE;
				CLANG_CXX_LANGUAGE_STANDARD = "gnu++0x";
				CLANG_CXX_LIBRARY = "libc++";
				CLANG_ENABLE_MODULES = YES;
				CLANG_ENABLE_OBJC_ARC = YES;
				CLANG_WARN_BOOL_CONVERSION = YES;
				CLANG_WARN_CONSTANT_CONVERSION = YES;
				CLANG_WARN_DIRECT_OBJC_ISA_USAGE = YES_ERROR;
				CLANG_WARN_DOCUMENTATION_COMMENTS = YES;
				CLANG_WARN_EMPTY_BODY = YES;
				CLANG_WARN_ENUM_CONVERSION = YES;
				CLANG_WARN_INFINITE_RECURSION = YES;
				CLANG_WARN_INT_CONVERSION = YES;
				CLANG_WARN_OBJC_ROOT_CLASS = YES_ERROR;
				CLANG_WARN_SUSPICIOUS_MOVE = YES;
				CLANG_WARN_UNREACHABLE_CODE = YES;
				CLANG_WARN__DUPLICATE_METHOD_MATCH = YES;
				"CODE_SIGN_IDENTITY[sdk=iphoneos*]" = "iPhone Developer";
				COPY_PHASE_STRIP = NO;
				DEBUG_INFORMATION_FORMAT = dwarf;
				ENABLE_STRICT_OBJC_MSGSEND = YES;
				ENABLE_TESTABILITY = YES;
				GCC_C_LANGUAGE_STANDARD = gnu99;
				GCC_DYNAMIC_NO_PIC = NO;
				GCC_NO_COMMON_BLOCKS = YES;
				GCC_OPTIMIZATION_LEVEL = 0;
				GCC_PREPROCESSOR_DEFINITIONS = (
					"DEBUG=1",
					"$(inherited)",
				);
				GCC_WARN_64_TO_32_BIT_CONVERSION = YES;
				GCC_WARN_ABOUT_RETURN_TYPE = YES_ERROR;
				GCC_WARN_UNDECLARED_SELECTOR = YES;
				GCC_WARN_UNINITIALIZED_AUTOS = YES_AGGRESSIVE;
				GCC_WARN_UNUSED_FUNCTION = YES;
				GCC_WARN_UNUSED_VARIABLE = YES;
				IPHONEOS_DEPLOYMENT_TARGET = 10.3;
				MTL_ENABLE_DEBUG_INFO = YES;
				ONLY_ACTIVE_ARCH = YES;
				SDKROOT = iphoneos;
				SWIFT_ACTIVE_COMPILATION_CONDITIONS = DEBUG;
				SWIFT_OPTIMIZATION_LEVEL = "-Onone";
				TARGETED_DEVICE_FAMILY = "1,2";
			};
			name = Debug;
		};
		19294C9F1F43411E004171E8 /* Release */ = {
			isa = XCBuildConfiguration;
			buildSettings = {
				ALWAYS_SEARCH_USER_PATHS = NO;
				CLANG_ANALYZER_NONNULL = YES;
				CLANG_ANALYZER_NUMBER_OBJECT_CONVERSION = YES_AGGRESSIVE;
				CLANG_CXX_LANGUAGE_STANDARD = "gnu++0x";
				CLANG_CXX_LIBRARY = "libc++";
				CLANG_ENABLE_MODULES = YES;
				CLANG_ENABLE_OBJC_ARC = YES;
				CLANG_WARN_BOOL_CONVERSION = YES;
				CLANG_WARN_CONSTANT_CONVERSION = YES;
				CLANG_WARN_DIRECT_OBJC_ISA_USAGE = YES_ERROR;
				CLANG_WARN_DOCUMENTATION_COMMENTS = YES;
				CLANG_WARN_EMPTY_BODY = YES;
				CLANG_WARN_ENUM_CONVERSION = YES;
				CLANG_WARN_INFINITE_RECURSION = YES;
				CLANG_WARN_INT_CONVERSION = YES;
				CLANG_WARN_OBJC_ROOT_CLASS = YES_ERROR;
				CLANG_WARN_SUSPICIOUS_MOVE = YES;
				CLANG_WARN_UNREACHABLE_CODE = YES;
				CLANG_WARN__DUPLICATE_METHOD_MATCH = YES;
				"CODE_SIGN_IDENTITY[sdk=iphoneos*]" = "iPhone Developer";
				COPY_PHASE_STRIP = NO;
				DEBUG_INFORMATION_FORMAT = "dwarf-with-dsym";
				ENABLE_NS_ASSERTIONS = NO;
				ENABLE_STRICT_OBJC_MSGSEND = YES;
				GCC_C_LANGUAGE_STANDARD = gnu99;
				GCC_NO_COMMON_BLOCKS = YES;
				GCC_WARN_64_TO_32_BIT_CONVERSION = YES;
				GCC_WARN_ABOUT_RETURN_TYPE = YES_ERROR;
				GCC_WARN_UNDECLARED_SELECTOR = YES;
				GCC_WARN_UNINITIALIZED_AUTOS = YES_AGGRESSIVE;
				GCC_WARN_UNUSED_FUNCTION = YES;
				GCC_WARN_UNUSED_VARIABLE = YES;
				IPHONEOS_DEPLOYMENT_TARGET = 10.3;
				MTL_ENABLE_DEBUG_INFO = NO;
				SDKROOT = iphoneos;
				SWIFT_OPTIMIZATION_LEVEL = "-Owholemodule";
				TARGETED_DEVICE_FAMILY = "1,2";
				VALIDATE_PRODUCT = YES;
			};
			name = Release;
		};
		19294CA11F43411E004171E8 /* Debug */ = {
			isa = XCBuildConfiguration;
			baseConfigurationReference = 7DAA17B24BD926B7C0C05BCD /* Pods-LoadingAnimation.debug.xcconfig */;
			buildSettings = {
				ASSETCATALOG_COMPILER_APPICON_NAME = AppIcon;
				DEVELOPMENT_TEAM = Y64W93464V;
				INFOPLIST_FILE = LoadingAnimation/Info.plist;
				LD_RUNPATH_SEARCH_PATHS = "$(inherited) @executable_path/Frameworks";
				PRODUCT_BUNDLE_IDENTIFIER = com.rao.LoadingAnimation;
				PRODUCT_NAME = "$(TARGET_NAME)";
				SWIFT_VERSION = 3.0;
			};
			name = Debug;
		};
		19294CA21F43411E004171E8 /* Release */ = {
			isa = XCBuildConfiguration;
			baseConfigurationReference = D8888E1ECD4912C533B88B45 /* Pods-LoadingAnimation.release.xcconfig */;
			buildSettings = {
				ASSETCATALOG_COMPILER_APPICON_NAME = AppIcon;
				DEVELOPMENT_TEAM = Y64W93464V;
				INFOPLIST_FILE = LoadingAnimation/Info.plist;
				LD_RUNPATH_SEARCH_PATHS = "$(inherited) @executable_path/Frameworks";
				PRODUCT_BUNDLE_IDENTIFIER = com.rao.LoadingAnimation;
				PRODUCT_NAME = "$(TARGET_NAME)";
				SWIFT_VERSION = 3.0;
			};
			name = Release;
		};
/* End XCBuildConfiguration section */

/* Begin XCConfigurationList section */
		19294C891F43411E004171E8 /* Build configuration list for PBXProject "LoadingAnimation" */ = {
			isa = XCConfigurationList;
			buildConfigurations = (
				19294C9E1F43411E004171E8 /* Debug */,
				19294C9F1F43411E004171E8 /* Release */,
			);
			defaultConfigurationIsVisible = 0;
			defaultConfigurationName = Release;
		};
		19294CA01F43411E004171E8 /* Build configuration list for PBXNativeTarget "LoadingAnimation" */ = {
			isa = XCConfigurationList;
			buildConfigurations = (
				19294CA11F43411E004171E8 /* Debug */,
				19294CA21F43411E004171E8 /* Release */,
			);
			defaultConfigurationIsVisible = 0;
			defaultConfigurationName = Release;
		};
/* End XCConfigurationList section */
	};
	rootObject = 19294C861F43411E004171E8 /* Project object */;
}
